
Microsoft Visual Studio Solution File, Format Version 12.00
# Visual Studio Version 16
VisualStudioVersion = 16.0.29306.81
MinimumVisualStudioVersion = 10.0.40219.1
Project("{FAE04EC0-301F-11D3-BF4B-00C04F79EFBC}") = "FontImageTest.UWP", "FontImageTest\FontImageTest.UWP\FontImageTest.UWP.csproj", "{5104F00D-70C9-4CBD-9EDB-5E3A37BF7CB0}"
EndProject
Project("{9A19103F-16F7-4668-BE54-9A1E7A4F7556}") = "FontImageTest", "FontImageTest\FontImageTest\FontImageTest.csproj", "{38602A33-81FF-450B-9802-C81616162349}"
EndProject
Global
	GlobalSection(SolutionConfigurationPlatforms) = preSolution
		Debug|Any CPU = Debug|Any CPU
		Debug|ARM = Debug|ARM
		Debug|x64 = Debug|x64
		Debug|x86 = Debug|x86
		Release|Any CPU = Release|Any CPU
		Release|ARM = Release|ARM
		Release|x64 = Release|x64
		Release|x86 = Release|x86
	EndGlobalSection
	GlobalSection(ProjectConfigurationPlatforms) = postSolution
		{5104F00D-70C9-4CBD-9EDB-5E3A37BF7CB0}.Debug|Any CPU.ActiveCfg = Debug|x86
		{5104F00D-70C9-4CBD-9EDB-5E3A37BF7CB0}.Debug|Any CPU.Build.0 = Debug|x86
		{5104F00D-70C9-4CBD-9EDB-5E3A37BF7CB0}.Debug|Any CPU.Deploy.0 = Debug|x86
		{5104F00D-70C9-4CBD-9EDB-5E3A37BF7CB0}.Debug|ARM.ActiveCfg = Debug|ARM
		{5104F00D-70C9-4CBD-9EDB-5E3A37BF7CB0}.Debug|ARM.Build.0 = Debug|ARM
		{5104F00D-70C9-4CBD-9EDB-5E3A37BF7CB0}.Debug|ARM.Deploy.0 = Debug|ARM
		{5104F00D-70C9-4CBD-9EDB-5E3A37BF7CB0}.Debug|x64.ActiveCfg = Debug|x64
		{5104F00D-70C9-4CBD-9EDB-5E3A37BF7CB0}.Debug|x64.Build.0 = Debug|x64
		{5104F00D-70C9-4CBD-9EDB-5E3A37BF7CB0}.Debug|x64.Deploy.0 = Debug|x64
		{5104F00D-70C9-4CBD-9EDB-5E3A37BF7CB0}.Debug|x86.ActiveCfg = Debug|x86
		{5104F00D-70C9-4CBD-9EDB-5E3A37BF7CB0}.Debug|x86.Build.0 = Debug|x86
		{5104F00D-70C9-4CBD-9EDB-5E3A37BF7CB0}.Debug|x86.Deploy.0 = Debug|x86
		{5104F00D-70C9-4CBD-9EDB-5E3A37BF7CB0}.Release|Any CPU.ActiveCfg = Release|x86
		{5104F00D-70C9-4CBD-9EDB-5E3A37BF7CB0}.Release|Any CPU.Build.0 = Release|x86
		{5104F00D-70C9-4CBD-9EDB-5E3A37BF7CB0}.Release|Any CPU.Deploy.0 = Release|x86
		{5104F00D-70C9-4CBD-9EDB-5E3A37BF7CB0}.Release|ARM.ActiveCfg = Release|ARM
		{5104F00D-70C9-4CBD-9EDB-5E3A37BF7CB0}.Release|ARM.Build.0 = Release|ARM
		{5104F00D-70C9-4CBD-9EDB-5E3A37BF7CB0}.Release|ARM.Deploy.0 = Release|ARM
		{5104F00D-70C9-4CBD-9EDB-5E3A37BF7CB0}.Release|x64.ActiveCfg = Release|x64
		{5104F00D-70C9-4CBD-9EDB-5E3A37BF7CB0}.Release|x64.Build.0 = Release|x64
		{5104F00D-70C9-4CBD-9EDB-5E3A37BF7CB0}.Release|x64.Deploy.0 = Release|x64
		{5104F00D-70C9-4CBD-9EDB-5E3A37BF7CB0}.Release|x86.ActiveCfg = Release|x86
		{5104F00D-70C9-4CBD-9EDB-5E3A37BF7CB0}.Release|x86.Build.0 = Release|x86
		{5104F00D-70C9-4CBD-9EDB-5E3A37BF7CB0}.Release|x86.Deploy.0 = Release|x86
		{38602A33-81FF-450B-9802-C81616162349}.Debug|Any CPU.ActiveCfg = Debug|Any CPU
		{38602A33-81FF-450B-9802-C81616162349}.Debug|Any CPU.Build.0 = Debug|Any CPU
		{38602A33-81FF-450B-9802-C81616162349}.Debug|Any CPU.Deploy.0 = Debug|Any CPU
		{38602A33-81FF-450B-9802-C81616162349}.Debug|ARM.ActiveCfg = Debug|Any CPU
		{38602A33-81FF-450B-9802-C81616162349}.Debug|ARM.Build.0 = Debug|Any CPU
		{38602A33-81FF-450B-9802-C81616162349}.Debug|ARM.Deploy.0 = Debug|Any CPU
		{38602A33-81FF-450B-9802-C81616162349}.Debug|x64.ActiveCfg = Debug|Any CPU
		{38602A33-81FF-450B-9802-C81616162349}.Debug|x64.Build.0 = Debug|Any CPU
		{38602A33-81FF-450B-9802-C81616162349}.Debug|x64.Deploy.0 = Debug|Any CPU
		{38602A33-81FF-450B-9802-C81616162349}.Debug|x86.ActiveCfg = Debug|Any CPU
		{38602A33-81FF-450B-9802-C81616162349}.Debug|x86.Build.0 = Debug|Any CPU
		{38602A33-81FF-450B-9802-C81616162349}.Debug|x86.Deploy.0 = Debug|Any CPU
		{38602A33-81FF-450B-9802-C81616162349}.Release|Any CPU.ActiveCfg = Release|Any CPU
		{38602A33-81FF-450B-9802-C81616162349}.Release|Any CPU.Build.0 = Release|Any CPU
		{38602A33-81FF-450B-9802-C81616162349}.Release|Any CPU.Deploy.0 = Release|Any CPU
		{38602A33-81FF-450B-9802-C81616162349}.Release|ARM.ActiveCfg = Release|Any CPU
		{38602A33-81FF-450B-9802-C81616162349}.Release|ARM.Build.0 = Release|Any CPU
		{38602A33-81FF-450B-9802-C81616162349}.Release|ARM.Deploy.0 = Release|Any CPU
		{38602A33-81FF-450B-9802-C81616162349}.Release|x64.ActiveCfg = Release|Any CPU
		{38602A33-81FF-450B-9802-C81616162349}.Release|x64.Build.0 = Release|Any CPU
		{38602A33-81FF-450B-9802-C81616162349}.Release|x64.Deploy.0 = Release|Any CPU
		{38602A33-81FF-450B-9802-C81616162349}.Release|x86.ActiveCfg = Release|Any CPU
		{38602A33-81FF-450B-9802-C81616162349}.Release|x86.Build.0 = Release|Any CPU
		{38602A33-81FF-450B-9802-C81616162349}.Release|x86.Deploy.0 = Release|Any CPU
	EndGlobalSection
	GlobalSection(SolutionProperties) = preSolution
		HideSolutionNode = FALSE
	EndGlobalSection
	GlobalSection(ExtensibilityGlobals) = postSolution
		SolutionGuid = {4CC71102-B41C-449A-A0BF-C93CCDFB0FBB}
	EndGlobalSection
EndGlobal
